
Microsoft Visual Studio Solution File, Format Version 12.00
# Visual Studio Version 17
VisualStudioVersion = 17.12.35527.113 d17.12
MinimumVisualStudioVersion = 10.0.40219.1
Project("{FAE04EC0-301F-11D3-BF4B-00C04F79EFBC}") = "Gyakorlas-Model-es-konzol-Termekek-feladat", "Gyakorlas-Model-es-konzol-Termekek-feladat\Gyakorlas-Model-es-konzol-Termekek-feladat.csproj", "{03259F40-345D-43AA-AF16-45DE672D27B8}"
EndProject
Global
	GlobalSection(SolutionConfigurationPlatforms) = preSolution
		Debug|Any CPU = Debug|Any CPU
		Release|Any CPU = Release|Any CPU
	EndGlobalSection
	GlobalSection(ProjectConfigurationPlatforms) = postSolution
		{03259F40-345D-43AA-AF16-45DE672D27B8}.Debug|Any CPU.ActiveCfg = Debug|Any CPU
		{03259F40-345D-43AA-AF16-45DE672D27B8}.Debug|Any CPU.Build.0 = Debug|Any CPU
		{03259F40-345D-43AA-AF16-45DE672D27B8}.Release|Any CPU.ActiveCfg = Release|Any CPU
		{03259F40-345D-43AA-AF16-45DE672D27B8}.Release|Any CPU.Build.0 = Release|Any CPU
	EndGlobalSection
	GlobalSection(SolutionProperties) = preSolution
		HideSolutionNode = FALSE
	EndGlobalSection
EndGlobal
